// !$*UTF8*$!
{
	archiveVersion = 1;
	classes = {
	};
	objectVersion = 56;
	objects = {

/* Begin PBXBuildFile section */
		091BECBAAADD5DD87B8B2ED1 /* Pods_uikit_testTests.framework in Frameworks */ = {isa = PBXBuildFile; fileRef = A5B1DB7B1C59603C664D0378 /* Pods_uikit_testTests.framework */; };
		91A4456CE0980D2689D7A6B5 /* Pods_uikit_test.framework in Frameworks */ = {isa = PBXBuildFile; fileRef = D7F55DD851088F54446CBFCD /* Pods_uikit_test.framework */; };
		B51FFDA22AAE1450007B6B3F /* SecondViewController.swift in Sources */ = {isa = PBXBuildFile; fileRef = B51FFDA12AAE144F007B6B3F /* SecondViewController.swift */; };
		B51FFDA62AB751DE007B6B3F /* StopWatchVC.swift in Sources */ = {isa = PBXBuildFile; fileRef = B51FFDA52AB751DE007B6B3F /* StopWatchVC.swift */; };
		B55252FE2AC9C5E4009B2E99 /* SearchBarVC.swift in Sources */ = {isa = PBXBuildFile; fileRef = B55252FD2AC9C5E4009B2E99 /* SearchBarVC.swift */; };
		B55253002AC9C65C009B2E99 /* DetailVC.swift in Sources */ = {isa = PBXBuildFile; fileRef = B55252FF2AC9C65C009B2E99 /* DetailVC.swift */; };
		B55253022AC9C6A3009B2E99 /* Item.swift in Sources */ = {isa = PBXBuildFile; fileRef = B55253012AC9C6A3009B2E99 /* Item.swift */; };
		B55253062ACA562E009B2E99 /* SearchBarView.swift in Sources */ = {isa = PBXBuildFile; fileRef = B55253052ACA562E009B2E99 /* SearchBarView.swift */; };
		B59E2DEE2A9B1AC6001FAFE4 /* AppDelegate.swift in Sources */ = {isa = PBXBuildFile; fileRef = B59E2DED2A9B1AC6001FAFE4 /* AppDelegate.swift */; };
		B59E2DF02A9B1AC6001FAFE4 /* SceneDelegate.swift in Sources */ = {isa = PBXBuildFile; fileRef = B59E2DEF2A9B1AC6001FAFE4 /* SceneDelegate.swift */; };
		B59E2DF22A9B1AC6001FAFE4 /* ViewController.swift in Sources */ = {isa = PBXBuildFile; fileRef = B59E2DF12A9B1AC6001FAFE4 /* ViewController.swift */; };
		B59E2DF52A9B1AC6001FAFE4 /* Main.storyboard in Resources */ = {isa = PBXBuildFile; fileRef = B59E2DF32A9B1AC6001FAFE4 /* Main.storyboard */; };
		B59E2DF72A9B1AC7001FAFE4 /* Assets.xcassets in Resources */ = {isa = PBXBuildFile; fileRef = B59E2DF62A9B1AC7001FAFE4 /* Assets.xcassets */; };
		B59E2DFA2A9B1AC7001FAFE4 /* LaunchScreen.storyboard in Resources */ = {isa = PBXBuildFile; fileRef = B59E2DF82A9B1AC7001FAFE4 /* LaunchScreen.storyboard */; };
		B59E2E052A9B1AC7001FAFE4 /* uikit_testTests.swift in Sources */ = {isa = PBXBuildFile; fileRef = B59E2E042A9B1AC7001FAFE4 /* uikit_testTests.swift */; };
		B59E2E0F2A9B1AC7001FAFE4 /* uikit_testUITests.swift in Sources */ = {isa = PBXBuildFile; fileRef = B59E2E0E2A9B1AC7001FAFE4 /* uikit_testUITests.swift */; };
		B59E2E112A9B1AC7001FAFE4 /* uikit_testUITestsLaunchTests.swift in Sources */ = {isa = PBXBuildFile; fileRef = B59E2E102A9B1AC7001FAFE4 /* uikit_testUITestsLaunchTests.swift */; };
		C1BA9A4AB7823CD9F38D854A /* Pods_uikit_test_uikit_testUITests.framework in Frameworks */ = {isa = PBXBuildFile; fileRef = D8681AA1A9DC04F6E5E30A74 /* Pods_uikit_test_uikit_testUITests.framework */; };
/* End PBXBuildFile section */

/* Begin PBXContainerItemProxy section */
		B59E2E012A9B1AC7001FAFE4 /* PBXContainerItemProxy */ = {
			isa = PBXContainerItemProxy;
			containerPortal = B59E2DE22A9B1AC6001FAFE4 /* Project object */;
			proxyType = 1;
			remoteGlobalIDString = B59E2DE92A9B1AC6001FAFE4;
			remoteInfo = "uikit-test";
		};
		B59E2E0B2A9B1AC7001FAFE4 /* PBXContainerItemProxy */ = {
			isa = PBXContainerItemProxy;
			containerPortal = B59E2DE22A9B1AC6001FAFE4 /* Project object */;
			proxyType = 1;
			remoteGlobalIDString = B59E2DE92A9B1AC6001FAFE4;
			remoteInfo = "uikit-test";
		};
/* End PBXContainerItemProxy section */

/* Begin PBXFileReference section */
		1C119D983F4638A324BC0CE7 /* Pods-uikit-test.debug.xcconfig */ = {isa = PBXFileReference; includeInIndex = 1; lastKnownFileType = text.xcconfig; name = "Pods-uikit-test.debug.xcconfig"; path = "Target Support Files/Pods-uikit-test/Pods-uikit-test.debug.xcconfig"; sourceTree = "<group>"; };
		27F5A3AF5026FCCDDC95B304 /* Pods-uikit-test-uikit-testUITests.debug.xcconfig */ = {isa = PBXFileReference; includeInIndex = 1; lastKnownFileType = text.xcconfig; name = "Pods-uikit-test-uikit-testUITests.debug.xcconfig"; path = "Target Support Files/Pods-uikit-test-uikit-testUITests/Pods-uikit-test-uikit-testUITests.debug.xcconfig"; sourceTree = "<group>"; };
		2B54036A70C5F23A73CB2322 /* Pods-uikit-test.release.xcconfig */ = {isa = PBXFileReference; includeInIndex = 1; lastKnownFileType = text.xcconfig; name = "Pods-uikit-test.release.xcconfig"; path = "Target Support Files/Pods-uikit-test/Pods-uikit-test.release.xcconfig"; sourceTree = "<group>"; };
		5A369A4B9E6CA55F55199267 /* Pods-uikit-testTests.debug.xcconfig */ = {isa = PBXFileReference; includeInIndex = 1; lastKnownFileType = text.xcconfig; name = "Pods-uikit-testTests.debug.xcconfig"; path = "Target Support Files/Pods-uikit-testTests/Pods-uikit-testTests.debug.xcconfig"; sourceTree = "<group>"; };
		6D7C97B0EE29CBAA062F384F /* Pods-uikit-testTests.release.xcconfig */ = {isa = PBXFileReference; includeInIndex = 1; lastKnownFileType = text.xcconfig; name = "Pods-uikit-testTests.release.xcconfig"; path = "Target Support Files/Pods-uikit-testTests/Pods-uikit-testTests.release.xcconfig"; sourceTree = "<group>"; };
		A5B1DB7B1C59603C664D0378 /* Pods_uikit_testTests.framework */ = {isa = PBXFileReference; explicitFileType = wrapper.framework; includeInIndex = 0; path = Pods_uikit_testTests.framework; sourceTree = BUILT_PRODUCTS_DIR; };
		B51FFDA12AAE144F007B6B3F /* SecondViewController.swift */ = {isa = PBXFileReference; lastKnownFileType = sourcecode.swift; path = SecondViewController.swift; sourceTree = "<group>"; };
		B51FFDA52AB751DE007B6B3F /* StopWatchVC.swift */ = {isa = PBXFileReference; lastKnownFileType = sourcecode.swift; path = StopWatchVC.swift; sourceTree = "<group>"; };
		B55252FD2AC9C5E4009B2E99 /* SearchBarVC.swift */ = {isa = PBXFileReference; lastKnownFileType = sourcecode.swift; path = SearchBarVC.swift; sourceTree = "<group>"; };
		B55252FF2AC9C65C009B2E99 /* DetailVC.swift */ = {isa = PBXFileReference; lastKnownFileType = sourcecode.swift; path = DetailVC.swift; sourceTree = "<group>"; };
		B55253012AC9C6A3009B2E99 /* Item.swift */ = {isa = PBXFileReference; lastKnownFileType = sourcecode.swift; path = Item.swift; sourceTree = "<group>"; };
		B55253052ACA562E009B2E99 /* SearchBarView.swift */ = {isa = PBXFileReference; lastKnownFileType = sourcecode.swift; path = SearchBarView.swift; sourceTree = "<group>"; };
		B59E2DEA2A9B1AC6001FAFE4 /* uikit-test.app */ = {isa = PBXFileReference; explicitFileType = wrapper.application; includeInIndex = 0; path = "uikit-test.app"; sourceTree = BUILT_PRODUCTS_DIR; };
		B59E2DED2A9B1AC6001FAFE4 /* AppDelegate.swift */ = {isa = PBXFileReference; lastKnownFileType = sourcecode.swift; path = AppDelegate.swift; sourceTree = "<group>"; };
		B59E2DEF2A9B1AC6001FAFE4 /* SceneDelegate.swift */ = {isa = PBXFileReference; lastKnownFileType = sourcecode.swift; path = SceneDelegate.swift; sourceTree = "<group>"; };
		B59E2DF12A9B1AC6001FAFE4 /* ViewController.swift */ = {isa = PBXFileReference; lastKnownFileType = sourcecode.swift; path = ViewController.swift; sourceTree = "<group>"; };
		B59E2DF42A9B1AC6001FAFE4 /* Base */ = {isa = PBXFileReference; lastKnownFileType = file.storyboard; name = Base; path = Base.lproj/Main.storyboard; sourceTree = "<group>"; };
		B59E2DF62A9B1AC7001FAFE4 /* Assets.xcassets */ = {isa = PBXFileReference; lastKnownFileType = folder.assetcatalog; path = Assets.xcassets; sourceTree = "<group>"; };
		B59E2DF92A9B1AC7001FAFE4 /* Base */ = {isa = PBXFileReference; lastKnownFileType = file.storyboard; name = Base; path = Base.lproj/LaunchScreen.storyboard; sourceTree = "<group>"; };
		B59E2DFB2A9B1AC7001FAFE4 /* Info.plist */ = {isa = PBXFileReference; lastKnownFileType = text.plist.xml; path = Info.plist; sourceTree = "<group>"; };
		B59E2E002A9B1AC7001FAFE4 /* uikit-testTests.xctest */ = {isa = PBXFileReference; explicitFileType = wrapper.cfbundle; includeInIndex = 0; path = "uikit-testTests.xctest"; sourceTree = BUILT_PRODUCTS_DIR; };
		B59E2E042A9B1AC7001FAFE4 /* uikit_testTests.swift */ = {isa = PBXFileReference; lastKnownFileType = sourcecode.swift; path = uikit_testTests.swift; sourceTree = "<group>"; };
		B59E2E0A2A9B1AC7001FAFE4 /* uikit-testUITests.xctest */ = {isa = PBXFileReference; explicitFileType = wrapper.cfbundle; includeInIndex = 0; path = "uikit-testUITests.xctest"; sourceTree = BUILT_PRODUCTS_DIR; };
		B59E2E0E2A9B1AC7001FAFE4 /* uikit_testUITests.swift */ = {isa = PBXFileReference; lastKnownFileType = sourcecode.swift; path = uikit_testUITests.swift; sourceTree = "<group>"; };
		B59E2E102A9B1AC7001FAFE4 /* uikit_testUITestsLaunchTests.swift */ = {isa = PBXFileReference; lastKnownFileType = sourcecode.swift; path = uikit_testUITestsLaunchTests.swift; sourceTree = "<group>"; };
		D7F55DD851088F54446CBFCD /* Pods_uikit_test.framework */ = {isa = PBXFileReference; explicitFileType = wrapper.framework; includeInIndex = 0; path = Pods_uikit_test.framework; sourceTree = BUILT_PRODUCTS_DIR; };
		D8681AA1A9DC04F6E5E30A74 /* Pods_uikit_test_uikit_testUITests.framework */ = {isa = PBXFileReference; explicitFileType = wrapper.framework; includeInIndex = 0; path = Pods_uikit_test_uikit_testUITests.framework; sourceTree = BUILT_PRODUCTS_DIR; };
		E0F9DAB6433537C78BB09346 /* Pods-uikit-test-uikit-testUITests.release.xcconfig */ = {isa = PBXFileReference; includeInIndex = 1; lastKnownFileType = text.xcconfig; name = "Pods-uikit-test-uikit-testUITests.release.xcconfig"; path = "Target Support Files/Pods-uikit-test-uikit-testUITests/Pods-uikit-test-uikit-testUITests.release.xcconfig"; sourceTree = "<group>"; };
/* End PBXFileReference section */

/* Begin PBXFrameworksBuildPhase section */
		B59E2DE72A9B1AC6001FAFE4 /* Frameworks */ = {
			isa = PBXFrameworksBuildPhase;
			buildActionMask = 2147483647;
			files = (
				91A4456CE0980D2689D7A6B5 /* Pods_uikit_test.framework in Frameworks */,
			);
			runOnlyForDeploymentPostprocessing = 0;
		};
		B59E2DFD2A9B1AC7001FAFE4 /* Frameworks */ = {
			isa = PBXFrameworksBuildPhase;
			buildActionMask = 2147483647;
			files = (
				091BECBAAADD5DD87B8B2ED1 /* Pods_uikit_testTests.framework in Frameworks */,
			);
			runOnlyForDeploymentPostprocessing = 0;
		};
		B59E2E072A9B1AC7001FAFE4 /* Frameworks */ = {
			isa = PBXFrameworksBuildPhase;
			buildActionMask = 2147483647;
			files = (
				C1BA9A4AB7823CD9F38D854A /* Pods_uikit_test_uikit_testUITests.framework in Frameworks */,
			);
			runOnlyForDeploymentPostprocessing = 0;
		};
/* End PBXFrameworksBuildPhase section */

/* Begin PBXGroup section */
		9172D117D99C7DAC949E67FA /* Pods */ = {
			isa = PBXGroup;
			children = (
				1C119D983F4638A324BC0CE7 /* Pods-uikit-test.debug.xcconfig */,
				2B54036A70C5F23A73CB2322 /* Pods-uikit-test.release.xcconfig */,
				27F5A3AF5026FCCDDC95B304 /* Pods-uikit-test-uikit-testUITests.debug.xcconfig */,
				E0F9DAB6433537C78BB09346 /* Pods-uikit-test-uikit-testUITests.release.xcconfig */,
				5A369A4B9E6CA55F55199267 /* Pods-uikit-testTests.debug.xcconfig */,
				6D7C97B0EE29CBAA062F384F /* Pods-uikit-testTests.release.xcconfig */,
			);
			path = Pods;
			sourceTree = "<group>";
		};
		B59E2DE12A9B1AC6001FAFE4 = {
			isa = PBXGroup;
			children = (
				B59E2DEC2A9B1AC6001FAFE4 /* uikit-test */,
				B59E2E032A9B1AC7001FAFE4 /* uikit-testTests */,
				B59E2E0D2A9B1AC7001FAFE4 /* uikit-testUITests */,
				B59E2DEB2A9B1AC6001FAFE4 /* Products */,
				9172D117D99C7DAC949E67FA /* Pods */,
				C9F9A9FF327A4101C92F2052 /* Frameworks */,
			);
			sourceTree = "<group>";
		};
		B59E2DEB2A9B1AC6001FAFE4 /* Products */ = {
			isa = PBXGroup;
			children = (
				B59E2DEA2A9B1AC6001FAFE4 /* uikit-test.app */,
				B59E2E002A9B1AC7001FAFE4 /* uikit-testTests.xctest */,
				B59E2E0A2A9B1AC7001FAFE4 /* uikit-testUITests.xctest */,
			);
			name = Products;
			sourceTree = "<group>";
		};
		B59E2DEC2A9B1AC6001FAFE4 /* uikit-test */ = {
			isa = PBXGroup;
			children = (
				B59E2E232A9B1CC5001FAFE4 /* ViewControllers */,
				B59E2E222A9B1CBE001FAFE4 /* View */,
				B59E2E212A9B1CB6001FAFE4 /* Model */,
				B59E2E202A9B1CAC001FAFE4 /* API */,
				B59E2E1F2A9B1CA4001FAFE4 /* Utils */,
				B59E2E1E2A9B1C91001FAFE4 /* Extension */,
				B59E2E1D2A9B1C83001FAFE4 /* Resource */,
				B59E2DED2A9B1AC6001FAFE4 /* AppDelegate.swift */,
				B59E2DEF2A9B1AC6001FAFE4 /* SceneDelegate.swift */,
				B59E2DF32A9B1AC6001FAFE4 /* Main.storyboard */,
				B59E2DF62A9B1AC7001FAFE4 /* Assets.xcassets */,
				B59E2DF82A9B1AC7001FAFE4 /* LaunchScreen.storyboard */,
				B59E2DFB2A9B1AC7001FAFE4 /* Info.plist */,
			);
			path = "uikit-test";
			sourceTree = "<group>";
		};
		B59E2E032A9B1AC7001FAFE4 /* uikit-testTests */ = {
			isa = PBXGroup;
			children = (
				B59E2E042A9B1AC7001FAFE4 /* uikit_testTests.swift */,
			);
			path = "uikit-testTests";
			sourceTree = "<group>";
		};
		B59E2E0D2A9B1AC7001FAFE4 /* uikit-testUITests */ = {
			isa = PBXGroup;
			children = (
				B59E2E0E2A9B1AC7001FAFE4 /* uikit_testUITests.swift */,
				B59E2E102A9B1AC7001FAFE4 /* uikit_testUITestsLaunchTests.swift */,
			);
			path = "uikit-testUITests";
			sourceTree = "<group>";
		};
		B59E2E1D2A9B1C83001FAFE4 /* Resource */ = {
			isa = PBXGroup;
			children = (
			);
			path = Resource;
			sourceTree = "<group>";
		};
		B59E2E1E2A9B1C91001FAFE4 /* Extension */ = {
			isa = PBXGroup;
			children = (
			);
			path = Extension;
			sourceTree = "<group>";
		};
		B59E2E1F2A9B1CA4001FAFE4 /* Utils */ = {
			isa = PBXGroup;
			children = (
			);
			path = Utils;
			sourceTree = "<group>";
		};
		B59E2E202A9B1CAC001FAFE4 /* API */ = {
			isa = PBXGroup;
			children = (
			);
			path = API;
			sourceTree = "<group>";
		};
		B59E2E212A9B1CB6001FAFE4 /* Model */ = {
			isa = PBXGroup;
			children = (
				B55253012AC9C6A3009B2E99 /* Item.swift */,
			);
			path = Model;
			sourceTree = "<group>";
		};
		B59E2E222A9B1CBE001FAFE4 /* View */ = {
			isa = PBXGroup;
			children = (
				B55253052ACA562E009B2E99 /* SearchBarView.swift */,
			);
			path = View;
			sourceTree = "<group>";
		};
		B59E2E232A9B1CC5001FAFE4 /* ViewControllers */ = {
			isa = PBXGroup;
			children = (
				B59E2DF12A9B1AC6001FAFE4 /* ViewController.swift */,
				B51FFDA12AAE144F007B6B3F /* SecondViewController.swift */,
				B51FFDA52AB751DE007B6B3F /* StopWatchVC.swift */,
				B55252FD2AC9C5E4009B2E99 /* SearchBarVC.swift */,
				B55252FF2AC9C65C009B2E99 /* DetailVC.swift */,
			);
			path = ViewControllers;
			sourceTree = "<group>";
		};
		C9F9A9FF327A4101C92F2052 /* Frameworks */ = {
			isa = PBXGroup;
			children = (
				D7F55DD851088F54446CBFCD /* Pods_uikit_test.framework */,
				D8681AA1A9DC04F6E5E30A74 /* Pods_uikit_test_uikit_testUITests.framework */,
				A5B1DB7B1C59603C664D0378 /* Pods_uikit_testTests.framework */,
			);
			name = Frameworks;
			sourceTree = "<group>";
		};
/* End PBXGroup section */

/* Begin PBXNativeTarget section */
		B59E2DE92A9B1AC6001FAFE4 /* uikit-test */ = {
			isa = PBXNativeTarget;
			buildConfigurationList = B59E2E142A9B1AC7001FAFE4 /* Build configuration list for PBXNativeTarget "uikit-test" */;
			buildPhases = (
				7F1AE4620496B4A67F99D468 /* [CP] Check Pods Manifest.lock */,
				B59E2DE62A9B1AC6001FAFE4 /* Sources */,
				B59E2DE72A9B1AC6001FAFE4 /* Frameworks */,
				B59E2DE82A9B1AC6001FAFE4 /* Resources */,
				7B529B69702112CF8855D480 /* [CP] Embed Pods Frameworks */,
			);
			buildRules = (
			);
			dependencies = (
			);
			name = "uikit-test";
			productName = "uikit-test";
			productReference = B59E2DEA2A9B1AC6001FAFE4 /* uikit-test.app */;
			productType = "com.apple.product-type.application";
		};
		B59E2DFF2A9B1AC7001FAFE4 /* uikit-testTests */ = {
			isa = PBXNativeTarget;
			buildConfigurationList = B59E2E172A9B1AC7001FAFE4 /* Build configuration list for PBXNativeTarget "uikit-testTests" */;
			buildPhases = (
				39A45597D8DC246277821BAC /* [CP] Check Pods Manifest.lock */,
				B59E2DFC2A9B1AC7001FAFE4 /* Sources */,
				B59E2DFD2A9B1AC7001FAFE4 /* Frameworks */,
				B59E2DFE2A9B1AC7001FAFE4 /* Resources */,
			);
			buildRules = (
			);
			dependencies = (
				B59E2E022A9B1AC7001FAFE4 /* PBXTargetDependency */,
			);
			name = "uikit-testTests";
			productName = "uikit-testTests";
			productReference = B59E2E002A9B1AC7001FAFE4 /* uikit-testTests.xctest */;
			productType = "com.apple.product-type.bundle.unit-test";
		};
		B59E2E092A9B1AC7001FAFE4 /* uikit-testUITests */ = {
			isa = PBXNativeTarget;
			buildConfigurationList = B59E2E1A2A9B1AC7001FAFE4 /* Build configuration list for PBXNativeTarget "uikit-testUITests" */;
			buildPhases = (
				BE843D1101014BEB85E32A2F /* [CP] Check Pods Manifest.lock */,
				B59E2E062A9B1AC7001FAFE4 /* Sources */,
				B59E2E072A9B1AC7001FAFE4 /* Frameworks */,
				B59E2E082A9B1AC7001FAFE4 /* Resources */,
				B09AA7421C760724C60CC3F6 /* [CP] Embed Pods Frameworks */,
			);
			buildRules = (
			);
			dependencies = (
				B59E2E0C2A9B1AC7001FAFE4 /* PBXTargetDependency */,
			);
			name = "uikit-testUITests";
			productName = "uikit-testUITests";
			productReference = B59E2E0A2A9B1AC7001FAFE4 /* uikit-testUITests.xctest */;
			productType = "com.apple.product-type.bundle.ui-testing";
		};
/* End PBXNativeTarget section */

/* Begin PBXProject section */
		B59E2DE22A9B1AC6001FAFE4 /* Project object */ = {
			isa = PBXProject;
			attributes = {
				BuildIndependentTargetsInParallel = 1;
				LastSwiftUpdateCheck = 1420;
				LastUpgradeCheck = 1420;
				TargetAttributes = {
					B59E2DE92A9B1AC6001FAFE4 = {
						CreatedOnToolsVersion = 14.2;
					};
					B59E2DFF2A9B1AC7001FAFE4 = {
						CreatedOnToolsVersion = 14.2;
						TestTargetID = B59E2DE92A9B1AC6001FAFE4;
					};
					B59E2E092A9B1AC7001FAFE4 = {
						CreatedOnToolsVersion = 14.2;
						TestTargetID = B59E2DE92A9B1AC6001FAFE4;
					};
				};
			};
			buildConfigurationList = B59E2DE52A9B1AC6001FAFE4 /* Build configuration list for PBXProject "uikit-test" */;
			compatibilityVersion = "Xcode 14.0";
			developmentRegion = en;
			hasScannedForEncodings = 0;
			knownRegions = (
				en,
				Base,
			);
			mainGroup = B59E2DE12A9B1AC6001FAFE4;
			productRefGroup = B59E2DEB2A9B1AC6001FAFE4 /* Products */;
			projectDirPath = "";
			projectRoot = "";
			targets = (
				B59E2DE92A9B1AC6001FAFE4 /* uikit-test */,
				B59E2DFF2A9B1AC7001FAFE4 /* uikit-testTests */,
				B59E2E092A9B1AC7001FAFE4 /* uikit-testUITests */,
			);
		};
/* End PBXProject section */

/* Begin PBXResourcesBuildPhase section */
		B59E2DE82A9B1AC6001FAFE4 /* Resources */ = {
			isa = PBXResourcesBuildPhase;
			buildActionMask = 2147483647;
			files = (
				B59E2DFA2A9B1AC7001FAFE4 /* LaunchScreen.storyboard in Resources */,
				B59E2DF72A9B1AC7001FAFE4 /* Assets.xcassets in Resources */,
				B59E2DF52A9B1AC6001FAFE4 /* Main.storyboard in Resources */,
			);
			runOnlyForDeploymentPostprocessing = 0;
		};
		B59E2DFE2A9B1AC7001FAFE4 /* Resources */ = {
			isa = PBXResourcesBuildPhase;
			buildActionMask = 2147483647;
			files = (
			);
			runOnlyForDeploymentPostprocessing = 0;
		};
		B59E2E082A9B1AC7001FAFE4 /* Resources */ = {
			isa = PBXResourcesBuildPhase;
			buildActionMask = 2147483647;
			files = (
			);
			runOnlyForDeploymentPostprocessing = 0;
		};
/* End PBXResourcesBuildPhase section */

/* Begin PBXShellScriptBuildPhase section */
		39A45597D8DC246277821BAC /* [CP] Check Pods Manifest.lock */ = {
			isa = PBXShellScriptBuildPhase;
			buildActionMask = 2147483647;
			files = (
			);
			inputFileListPaths = (
			);
			inputPaths = (
				"${PODS_PODFILE_DIR_PATH}/Podfile.lock",
				"${PODS_ROOT}/Manifest.lock",
			);
			name = "[CP] Check Pods Manifest.lock";
			outputFileListPaths = (
			);
			outputPaths = (
				"$(DERIVED_FILE_DIR)/Pods-uikit-testTests-checkManifestLockResult.txt",
			);
			runOnlyForDeploymentPostprocessing = 0;
			shellPath = /bin/sh;
			shellScript = "diff \"${PODS_PODFILE_DIR_PATH}/Podfile.lock\" \"${PODS_ROOT}/Manifest.lock\" > /dev/null\nif [ $? != 0 ] ; then\n    # print error to STDERR\n    echo \"error: The sandbox is not in sync with the Podfile.lock. Run 'pod install' or update your CocoaPods installation.\" >&2\n    exit 1\nfi\n# This output is used by Xcode 'outputs' to avoid re-running this script phase.\necho \"SUCCESS\" > \"${SCRIPT_OUTPUT_FILE_0}\"\n";
			showEnvVarsInLog = 0;
		};
		7B529B69702112CF8855D480 /* [CP] Embed Pods Frameworks */ = {
			isa = PBXShellScriptBuildPhase;
			buildActionMask = 2147483647;
			files = (
			);
			inputFileListPaths = (
				"${PODS_ROOT}/Target Support Files/Pods-uikit-test/Pods-uikit-test-frameworks-${CONFIGURATION}-input-files.xcfilelist",
			);
			name = "[CP] Embed Pods Frameworks";
			outputFileListPaths = (
				"${PODS_ROOT}/Target Support Files/Pods-uikit-test/Pods-uikit-test-frameworks-${CONFIGURATION}-output-files.xcfilelist",
			);
			runOnlyForDeploymentPostprocessing = 0;
			shellPath = /bin/sh;
			shellScript = "\"${PODS_ROOT}/Target Support Files/Pods-uikit-test/Pods-uikit-test-frameworks.sh\"\n";
			showEnvVarsInLog = 0;
		};
		7F1AE4620496B4A67F99D468 /* [CP] Check Pods Manifest.lock */ = {
			isa = PBXShellScriptBuildPhase;
			buildActionMask = 2147483647;
			files = (
			);
			inputFileListPaths = (
			);
			inputPaths = (
				"${PODS_PODFILE_DIR_PATH}/Podfile.lock",
				"${PODS_ROOT}/Manifest.lock",
			);
			name = "[CP] Check Pods Manifest.lock";
			outputFileListPaths = (
			);
			outputPaths = (
				"$(DERIVED_FILE_DIR)/Pods-uikit-test-checkManifestLockResult.txt",
			);
			runOnlyForDeploymentPostprocessing = 0;
			shellPath = /bin/sh;
			shellScript = "diff \"${PODS_PODFILE_DIR_PATH}/Podfile.lock\" \"${PODS_ROOT}/Manifest.lock\" > /dev/null\nif [ $? != 0 ] ; then\n    # print error to STDERR\n    echo \"error: The sandbox is not in sync with the Podfile.lock. Run 'pod install' or update your CocoaPods installation.\" >&2\n    exit 1\nfi\n# This output is used by Xcode 'outputs' to avoid re-running this script phase.\necho \"SUCCESS\" > \"${SCRIPT_OUTPUT_FILE_0}\"\n";
			showEnvVarsInLog = 0;
		};
		B09AA7421C760724C60CC3F6 /* [CP] Embed Pods Frameworks */ = {
			isa = PBXShellScriptBuildPhase;
			buildActionMask = 2147483647;
			files = (
			);
			inputFileListPaths = (
				"${PODS_ROOT}/Target Support Files/Pods-uikit-test-uikit-testUITests/Pods-uikit-test-uikit-testUITests-frameworks-${CONFIGURATION}-input-files.xcfilelist",
			);
			name = "[CP] Embed Pods Frameworks";
			outputFileListPaths = (
				"${PODS_ROOT}/Target Support Files/Pods-uikit-test-uikit-testUITests/Pods-uikit-test-uikit-testUITests-frameworks-${CONFIGURATION}-output-files.xcfilelist",
			);
			runOnlyForDeploymentPostprocessing = 0;
			shellPath = /bin/sh;
			shellScript = "\"${PODS_ROOT}/Target Support Files/Pods-uikit-test-uikit-testUITests/Pods-uikit-test-uikit-testUITests-frameworks.sh\"\n";
			showEnvVarsInLog = 0;
		};
		BE843D1101014BEB85E32A2F /* [CP] Check Pods Manifest.lock */ = {
			isa = PBXShellScriptBuildPhase;
			buildActionMask = 2147483647;
			files = (
			);
			inputFileListPaths = (
			);
			inputPaths = (
				"${PODS_PODFILE_DIR_PATH}/Podfile.lock",
				"${PODS_ROOT}/Manifest.lock",
			);
			name = "[CP] Check Pods Manifest.lock";
			outputFileListPaths = (
			);
			outputPaths = (
				"$(DERIVED_FILE_DIR)/Pods-uikit-test-uikit-testUITests-checkManifestLockResult.txt",
			);
			runOnlyForDeploymentPostprocessing = 0;
			shellPath = /bin/sh;
			shellScript = "diff \"${PODS_PODFILE_DIR_PATH}/Podfile.lock\" \"${PODS_ROOT}/Manifest.lock\" > /dev/null\nif [ $? != 0 ] ; then\n    # print error to STDERR\n    echo \"error: The sandbox is not in sync with the Podfile.lock. Run 'pod install' or update your CocoaPods installation.\" >&2\n    exit 1\nfi\n# This output is used by Xcode 'outputs' to avoid re-running this script phase.\necho \"SUCCESS\" > \"${SCRIPT_OUTPUT_FILE_0}\"\n";
			showEnvVarsInLog = 0;
		};
/* End PBXShellScriptBuildPhase section */

/* Begin PBXSourcesBuildPhase section */
		B59E2DE62A9B1AC6001FAFE4 /* Sources */ = {
			isa = PBXSourcesBuildPhase;
			buildActionMask = 2147483647;
			files = (
				B55252FE2AC9C5E4009B2E99 /* SearchBarVC.swift in Sources */,
				B55253062ACA562E009B2E99 /* SearchBarView.swift in Sources */,
				B51FFDA22AAE1450007B6B3F /* SecondViewController.swift in Sources */,
				B59E2DF22A9B1AC6001FAFE4 /* ViewController.swift in Sources */,
				B51FFDA62AB751DE007B6B3F /* StopWatchVC.swift in Sources */,
				B55253022AC9C6A3009B2E99 /* Item.swift in Sources */,
				B59E2DEE2A9B1AC6001FAFE4 /* AppDelegate.swift in Sources */,
				B59E2DF02A9B1AC6001FAFE4 /* SceneDelegate.swift in Sources */,
				B55253002AC9C65C009B2E99 /* DetailVC.swift in Sources */,
			);
			runOnlyForDeploymentPostprocessing = 0;
		};
		B59E2DFC2A9B1AC7001FAFE4 /* Sources */ = {
			isa = PBXSourcesBuildPhase;
			buildActionMask = 2147483647;
			files = (
				B59E2E052A9B1AC7001FAFE4 /* uikit_testTests.swift in Sources */,
			);
			runOnlyForDeploymentPostprocessing = 0;
		};
		B59E2E062A9B1AC7001FAFE4 /* Sources */ = {
			isa = PBXSourcesBuildPhase;
			buildActionMask = 2147483647;
			files = (
				B59E2E0F2A9B1AC7001FAFE4 /* uikit_testUITests.swift in Sources */,
				B59E2E112A9B1AC7001FAFE4 /* uikit_testUITestsLaunchTests.swift in Sources */,
			);
			runOnlyForDeploymentPostprocessing = 0;
		};
/* End PBXSourcesBuildPhase section */

/* Begin PBXTargetDependency section */
		B59E2E022A9B1AC7001FAFE4 /* PBXTargetDependency */ = {
			isa = PBXTargetDependency;
			target = B59E2DE92A9B1AC6001FAFE4 /* uikit-test */;
			targetProxy = B59E2E012A9B1AC7001FAFE4 /* PBXContainerItemProxy */;
		};
		B59E2E0C2A9B1AC7001FAFE4 /* PBXTargetDependency */ = {
			isa = PBXTargetDependency;
			target = B59E2DE92A9B1AC6001FAFE4 /* uikit-test */;
			targetProxy = B59E2E0B2A9B1AC7001FAFE4 /* PBXContainerItemProxy */;
		};
/* End PBXTargetDependency section */

/* Begin PBXVariantGroup section */
		B59E2DF32A9B1AC6001FAFE4 /* Main.storyboard */ = {
			isa = PBXVariantGroup;
			children = (
				B59E2DF42A9B1AC6001FAFE4 /* Base */,
			);
			name = Main.storyboard;
			sourceTree = "<group>";
		};
		B59E2DF82A9B1AC7001FAFE4 /* LaunchScreen.storyboard */ = {
			isa = PBXVariantGroup;
			children = (
				B59E2DF92A9B1AC7001FAFE4 /* Base */,
			);
			name = LaunchScreen.storyboard;
			sourceTree = "<group>";
		};
/* End PBXVariantGroup section */

/* Begin XCBuildConfiguration section */
		B59E2E122A9B1AC7001FAFE4 /* Debug */ = {
			isa = XCBuildConfiguration;
			buildSettings = {
				ALWAYS_SEARCH_USER_PATHS = NO;
				CLANG_ANALYZER_NONNULL = YES;
				CLANG_ANALYZER_NUMBER_OBJECT_CONVERSION = YES_AGGRESSIVE;
				CLANG_CXX_LANGUAGE_STANDARD = "gnu++20";
				CLANG_ENABLE_MODULES = YES;
				CLANG_ENABLE_OBJC_ARC = YES;
				CLANG_ENABLE_OBJC_WEAK = YES;
				CLANG_WARN_BLOCK_CAPTURE_AUTORELEASING = YES;
				CLANG_WARN_BOOL_CONVERSION = YES;
				CLANG_WARN_COMMA = YES;
				CLANG_WARN_CONSTANT_CONVERSION = YES;
				CLANG_WARN_DEPRECATED_OBJC_IMPLEMENTATIONS = YES;
				CLANG_WARN_DIRECT_OBJC_ISA_USAGE = YES_ERROR;
				CLANG_WARN_DOCUMENTATION_COMMENTS = YES;
				CLANG_WARN_EMPTY_BODY = YES;
				CLANG_WARN_ENUM_CONVERSION = YES;
				CLANG_WARN_INFINITE_RECURSION = YES;
				CLANG_WARN_INT_CONVERSION = YES;
				CLANG_WARN_NON_LITERAL_NULL_CONVERSION = YES;
				CLANG_WARN_OBJC_IMPLICIT_RETAIN_SELF = YES;
				CLANG_WARN_OBJC_LITERAL_CONVERSION = YES;
				CLANG_WARN_OBJC_ROOT_CLASS = YES_ERROR;
				CLANG_WARN_QUOTED_INCLUDE_IN_FRAMEWORK_HEADER = YES;
				CLANG_WARN_RANGE_LOOP_ANALYSIS = YES;
				CLANG_WARN_STRICT_PROTOTYPES = YES;
				CLANG_WARN_SUSPICIOUS_MOVE = YES;
				CLANG_WARN_UNGUARDED_AVAILABILITY = YES_AGGRESSIVE;
				CLANG_WARN_UNREACHABLE_CODE = YES;
				CLANG_WARN__DUPLICATE_METHOD_MATCH = YES;
				COPY_PHASE_STRIP = NO;
				DEBUG_INFORMATION_FORMAT = dwarf;
				ENABLE_STRICT_OBJC_MSGSEND = YES;
				ENABLE_TESTABILITY = YES;
				GCC_C_LANGUAGE_STANDARD = gnu11;
				GCC_DYNAMIC_NO_PIC = NO;
				GCC_NO_COMMON_BLOCKS = YES;
				GCC_OPTIMIZATION_LEVEL = 0;
				GCC_PREPROCESSOR_DEFINITIONS = (
					"DEBUG=1",
					"$(inherited)",
				);
				GCC_WARN_64_TO_32_BIT_CONVERSION = YES;
				GCC_WARN_ABOUT_RETURN_TYPE = YES_ERROR;
				GCC_WARN_UNDECLARED_SELECTOR = YES;
				GCC_WARN_UNINITIALIZED_AUTOS = YES_AGGRESSIVE;
				GCC_WARN_UNUSED_FUNCTION = YES;
				GCC_WARN_UNUSED_VARIABLE = YES;
				IPHONEOS_DEPLOYMENT_TARGET = 16.2;
				MTL_ENABLE_DEBUG_INFO = INCLUDE_SOURCE;
				MTL_FAST_MATH = YES;
				ONLY_ACTIVE_ARCH = YES;
				SDKROOT = iphoneos;
				SWIFT_ACTIVE_COMPILATION_CONDITIONS = DEBUG;
				SWIFT_OPTIMIZATION_LEVEL = "-Onone";
			};
			name = Debug;
		};
		B59E2E132A9B1AC7001FAFE4 /* Release */ = {
			isa = XCBuildConfiguration;
			buildSettings = {
				ALWAYS_SEARCH_USER_PATHS = NO;
				CLANG_ANALYZER_NONNULL = YES;
				CLANG_ANALYZER_NUMBER_OBJECT_CONVERSION = YES_AGGRESSIVE;
				CLANG_CXX_LANGUAGE_STANDARD = "gnu++20";
				CLANG_ENABLE_MODULES = YES;
				CLANG_ENABLE_OBJC_ARC = YES;
				CLANG_ENABLE_OBJC_WEAK = YES;
				CLANG_WARN_BLOCK_CAPTURE_AUTORELEASING = YES;
				CLANG_WARN_BOOL_CONVERSION = YES;
				CLANG_WARN_COMMA = YES;
				CLANG_WARN_CONSTANT_CONVERSION = YES;
				CLANG_WARN_DEPRECATED_OBJC_IMPLEMENTATIONS = YES;
				CLANG_WARN_DIRECT_OBJC_ISA_USAGE = YES_ERROR;
				CLANG_WARN_DOCUMENTATION_COMMENTS = YES;
				CLANG_WARN_EMPTY_BODY = YES;
				CLANG_WARN_ENUM_CONVERSION = YES;
				CLANG_WARN_INFINITE_RECURSION = YES;
				CLANG_WARN_INT_CONVERSION = YES;
				CLANG_WARN_NON_LITERAL_NULL_CONVERSION = YES;
				CLANG_WARN_OBJC_IMPLICIT_RETAIN_SELF = YES;
				CLANG_WARN_OBJC_LITERAL_CONVERSION = YES;
				CLANG_WARN_OBJC_ROOT_CLASS = YES_ERROR;
				CLANG_WARN_QUOTED_INCLUDE_IN_FRAMEWORK_HEADER = YES;
				CLANG_WARN_RANGE_LOOP_ANALYSIS = YES;
				CLANG_WARN_STRICT_PROTOTYPES = YES;
				CLANG_WARN_SUSPICIOUS_MOVE = YES;
				CLANG_WARN_UNGUARDED_AVAILABILITY = YES_AGGRESSIVE;
				CLANG_WARN_UNREACHABLE_CODE = YES;
				CLANG_WARN__DUPLICATE_METHOD_MATCH = YES;
				COPY_PHASE_STRIP = NO;
				DEBUG_INFORMATION_FORMAT = "dwarf-with-dsym";
				ENABLE_NS_ASSERTIONS = NO;
				ENABLE_STRICT_OBJC_MSGSEND = YES;
				GCC_C_LANGUAGE_STANDARD = gnu11;
				GCC_NO_COMMON_BLOCKS = YES;
				GCC_WARN_64_TO_32_BIT_CONVERSION = YES;
				GCC_WARN_ABOUT_RETURN_TYPE = YES_ERROR;
				GCC_WARN_UNDECLARED_SELECTOR = YES;
				GCC_WARN_UNINITIALIZED_AUTOS = YES_AGGRESSIVE;
				GCC_WARN_UNUSED_FUNCTION = YES;
				GCC_WARN_UNUSED_VARIABLE = YES;
				IPHONEOS_DEPLOYMENT_TARGET = 16.2;
				MTL_ENABLE_DEBUG_INFO = NO;
				MTL_FAST_MATH = YES;
				SDKROOT = iphoneos;
				SWIFT_COMPILATION_MODE = wholemodule;
				SWIFT_OPTIMIZATION_LEVEL = "-O";
				VALIDATE_PRODUCT = YES;
			};
			name = Release;
		};
		B59E2E152A9B1AC7001FAFE4 /* Debug */ = {
			isa = XCBuildConfiguration;
			baseConfigurationReference = 1C119D983F4638A324BC0CE7 /* Pods-uikit-test.debug.xcconfig */;
			buildSettings = {
				ASSETCATALOG_COMPILER_APPICON_NAME = AppIcon;
				ASSETCATALOG_COMPILER_GLOBAL_ACCENT_COLOR_NAME = AccentColor;
				CODE_SIGN_STYLE = Automatic;
				CURRENT_PROJECT_VERSION = 1;
				GENERATE_INFOPLIST_FILE = YES;
				INFOPLIST_FILE = "uikit-test/Info.plist";
				INFOPLIST_KEY_UIApplicationSupportsIndirectInputEvents = YES;
				INFOPLIST_KEY_UILaunchStoryboardName = LaunchScreen;
				INFOPLIST_KEY_UIMainStoryboardFile = Main;
				INFOPLIST_KEY_UISupportedInterfaceOrientations_iPad = "UIInterfaceOrientationPortrait UIInterfaceOrientationPortraitUpsideDown UIInterfaceOrientationLandscapeLeft UIInterfaceOrientationLandscapeRight";
				INFOPLIST_KEY_UISupportedInterfaceOrientations_iPhone = "UIInterfaceOrientationPortrait UIInterfaceOrientationLandscapeLeft UIInterfaceOrientationLandscapeRight";
				LD_RUNPATH_SEARCH_PATHS = (
					"$(inherited)",
					"@executable_path/Frameworks",
				);
				MARKETING_VERSION = 1.0;
				PRODUCT_BUNDLE_IDENTIFIER = "com.jaeseo.uikit-test";
				PRODUCT_NAME = "$(TARGET_NAME)";
				SWIFT_EMIT_LOC_STRINGS = YES;
				SWIFT_VERSION = 5.0;
				TARGETED_DEVICE_FAMILY = "1,2";
			};
			name = Debug;
		};
		B59E2E162A9B1AC7001FAFE4 /* Release */ = {
			isa = XCBuildConfiguration;
			baseConfigurationReference = 2B54036A70C5F23A73CB2322 /* Pods-uikit-test.release.xcconfig */;
			buildSettings = {
				ASSETCATALOG_COMPILER_APPICON_NAME = AppIcon;
				ASSETCATALOG_COMPILER_GLOBAL_ACCENT_COLOR_NAME = AccentColor;
				CODE_SIGN_STYLE = Automatic;
				CURRENT_PROJECT_VERSION = 1;
				GENERATE_INFOPLIST_FILE = YES;
				INFOPLIST_FILE = "uikit-test/Info.plist";
				INFOPLIST_KEY_UIApplicationSupportsIndirectInputEvents = YES;
				INFOPLIST_KEY_UILaunchStoryboardName = LaunchScreen;
				INFOPLIST_KEY_UIMainStoryboardFile = Main;
				INFOPLIST_KEY_UISupportedInterfaceOrientations_iPad = "UIInterfaceOrientationPortrait UIInterfaceOrientationPortraitUpsideDown UIInterfaceOrientationLandscapeLeft UIInterfaceOrientationLandscapeRight";
				INFOPLIST_KEY_UISupportedInterfaceOrientations_iPhone = "UIInterfaceOrientationPortrait UIInterfaceOrientationLandscapeLeft UIInterfaceOrientationLandscapeRight";
				LD_RUNPATH_SEARCH_PATHS = (
					"$(inherited)",
					"@executable_path/Frameworks",
				);
				MARKETING_VERSION = 1.0;
				PRODUCT_BUNDLE_IDENTIFIER = "com.jaeseo.uikit-test";
				PRODUCT_NAME = "$(TARGET_NAME)";
				SWIFT_EMIT_LOC_STRINGS = YES;
				SWIFT_VERSION = 5.0;
				TARGETED_DEVICE_FAMILY = "1,2";
			};
			name = Release;
		};
		B59E2E182A9B1AC7001FAFE4 /* Debug */ = {
			isa = XCBuildConfiguration;
			baseConfigurationReference = 5A369A4B9E6CA55F55199267 /* Pods-uikit-testTests.debug.xcconfig */;
			buildSettings = {
				ALWAYS_EMBED_SWIFT_STANDARD_LIBRARIES = YES;
				BUNDLE_LOADER = "$(TEST_HOST)";
				CODE_SIGN_STYLE = Automatic;
				CURRENT_PROJECT_VERSION = 1;
				GENERATE_INFOPLIST_FILE = YES;
				IPHONEOS_DEPLOYMENT_TARGET = 16.2;
				MARKETING_VERSION = 1.0;
				PRODUCT_BUNDLE_IDENTIFIER = "com.jaeseo.uikit-testTests";
				PRODUCT_NAME = "$(TARGET_NAME)";
				SWIFT_EMIT_LOC_STRINGS = NO;
				SWIFT_VERSION = 5.0;
				TARGETED_DEVICE_FAMILY = "1,2";
				TEST_HOST = "$(BUILT_PRODUCTS_DIR)/uikit-test.app/$(BUNDLE_EXECUTABLE_FOLDER_PATH)/uikit-test";
			};
			name = Debug;
		};
		B59E2E192A9B1AC7001FAFE4 /* Release */ = {
			isa = XCBuildConfiguration;
			baseConfigurationReference = 6D7C97B0EE29CBAA062F384F /* Pods-uikit-testTests.release.xcconfig */;
			buildSettings = {
				ALWAYS_EMBED_SWIFT_STANDARD_LIBRARIES = YES;
				BUNDLE_LOADER = "$(TEST_HOST)";
				CODE_SIGN_STYLE = Automatic;
				CURRENT_PROJECT_VERSION = 1;
				GENERATE_INFOPLIST_FILE = YES;
				IPHONEOS_DEPLOYMENT_TARGET = 16.2;
				MARKETING_VERSION = 1.0;
				PRODUCT_BUNDLE_IDENTIFIER = "com.jaeseo.uikit-testTests";
				PRODUCT_NAME = "$(TARGET_NAME)";
				SWIFT_EMIT_LOC_STRINGS = NO;
				SWIFT_VERSION = 5.0;
				TARGETED_DEVICE_FAMILY = "1,2";
				TEST_HOST = "$(BUILT_PRODUCTS_DIR)/uikit-test.app/$(BUNDLE_EXECUTABLE_FOLDER_PATH)/uikit-test";
			};
			name = Release;
		};
		B59E2E1B2A9B1AC7001FAFE4 /* Debug */ = {
			isa = XCBuildConfiguration;
			baseConfigurationReference = 27F5A3AF5026FCCDDC95B304 /* Pods-uikit-test-uikit-testUITests.debug.xcconfig */;
			buildSettings = {
				ALWAYS_EMBED_SWIFT_STANDARD_LIBRARIES = YES;
				CODE_SIGN_STYLE = Automatic;
				CURRENT_PROJECT_VERSION = 1;
				GENERATE_INFOPLIST_FILE = YES;
				MARKETING_VERSION = 1.0;
				PRODUCT_BUNDLE_IDENTIFIER = "com.jaeseo.uikit-testUITests";
				PRODUCT_NAME = "$(TARGET_NAME)";
				SWIFT_EMIT_LOC_STRINGS = NO;
				SWIFT_VERSION = 5.0;
				TARGETED_DEVICE_FAMILY = "1,2";
				TEST_TARGET_NAME = "uikit-test";
			};
			name = Debug;
		};
		B59E2E1C2A9B1AC7001FAFE4 /* Release */ = {
			isa = XCBuildConfiguration;
			baseConfigurationReference = E0F9DAB6433537C78BB09346 /* Pods-uikit-test-uikit-testUITests.release.xcconfig */;
			buildSettings = {
				ALWAYS_EMBED_SWIFT_STANDARD_LIBRARIES = YES;
				CODE_SIGN_STYLE = Automatic;
				CURRENT_PROJECT_VERSION = 1;
				GENERATE_INFOPLIST_FILE = YES;
				MARKETING_VERSION = 1.0;
				PRODUCT_BUNDLE_IDENTIFIER = "com.jaeseo.uikit-testUITests";
				PRODUCT_NAME = "$(TARGET_NAME)";
				SWIFT_EMIT_LOC_STRINGS = NO;
				SWIFT_VERSION = 5.0;
				TARGETED_DEVICE_FAMILY = "1,2";
				TEST_TARGET_NAME = "uikit-test";
			};
			name = Release;
		};
/* End XCBuildConfiguration section */

/* Begin XCConfigurationList section */
		B59E2DE52A9B1AC6001FAFE4 /* Build configuration list for PBXProject "uikit-test" */ = {
			isa = XCConfigurationList;
			buildConfigurations = (
				B59E2E122A9B1AC7001FAFE4 /* Debug */,
				B59E2E132A9B1AC7001FAFE4 /* Release */,
			);
			defaultConfigurationIsVisible = 0;
			defaultConfigurationName = Release;
		};
		B59E2E142A9B1AC7001FAFE4 /* Build configuration list for PBXNativeTarget "uikit-test" */ = {
			isa = XCConfigurationList;
			buildConfigurations = (
				B59E2E152A9B1AC7001FAFE4 /* Debug */,
				B59E2E162A9B1AC7001FAFE4 /* Release */,
			);
			defaultConfigurationIsVisible = 0;
			defaultConfigurationName = Release;
		};
		B59E2E172A9B1AC7001FAFE4 /* Build configuration list for PBXNativeTarget "uikit-testTests" */ = {
			isa = XCConfigurationList;
			buildConfigurations = (
				B59E2E182A9B1AC7001FAFE4 /* Debug */,
				B59E2E192A9B1AC7001FAFE4 /* Release */,
			);
			defaultConfigurationIsVisible = 0;
			defaultConfigurationName = Release;
		};
		B59E2E1A2A9B1AC7001FAFE4 /* Build configuration list for PBXNativeTarget "uikit-testUITests" */ = {
			isa = XCConfigurationList;
			buildConfigurations = (
				B59E2E1B2A9B1AC7001FAFE4 /* Debug */,
				B59E2E1C2A9B1AC7001FAFE4 /* Release */,
			);
			defaultConfigurationIsVisible = 0;
			defaultConfigurationName = Release;
		};
/* End XCConfigurationList section */
	};
	rootObject = B59E2DE22A9B1AC6001FAFE4 /* Project object */;
}
